
Microsoft Visual Studio Solution File, Format Version 12.00
# Visual Studio Version 17
VisualStudioVersion = 17.3.32825.248
MinimumVisualStudioVersion = 10.0.40219.1
Project("{FAE04EC0-301F-11D3-BF4B-00C04F79EFBC}") = "Cars", "Cars\Cars.csproj", "{9111BD8D-FB5D-473C-9ED7-C7407913B12A}"
EndProject
Global
	GlobalSection(SolutionConfigurationPlatforms) = preSolution
		Debug|Any CPU = Debug|Any CPU
		Release|Any CPU = Release|Any CPU
	EndGlobalSection
	GlobalSection(ProjectConfigurationPlatforms) = postSolution
		{9111BD8D-FB5D-473C-9ED7-C7407913B12A}.Debug|Any CPU.ActiveCfg = Debug|Any CPU
		{9111BD8D-FB5D-473C-9ED7-C7407913B12A}.Debug|Any CPU.Build.0 = Debug|Any CPU
		{9111BD8D-FB5D-473C-9ED7-C7407913B12A}.Release|Any CPU.ActiveCfg = Release|Any CPU
		{9111BD8D-FB5D-473C-9ED7-C7407913B12A}.Release|Any CPU.Build.0 = Release|Any CPU
	EndGlobalSection
	GlobalSection(SolutionProperties) = preSolution
		HideSolutionNode = FALSE
	EndGlobalSection
	GlobalSection(ExtensibilityGlobals) = postSolution
		SolutionGuid = {3A5D21F9-B946-41ED-BDE9-302A8DFC2406}
	EndGlobalSection
EndGlobal
